github.com/coyove/common v0.0.0-20200714073322-5d32ad16e471 h1:CnNZ/Pio60R73YkIQTOgs4b5xtqWjcvpe/ViiF1FHhA=
github.com/coyove/common v0.0.0-20200714073322-5d32ad16e471/go.mod h1:BXXdh0GDQudvWCqAUeD5jsBua+GRqs2EiM3Ij34esA4=
github.com/coyove/goflyway v1.0.10 h1:t2XasDABeMIEZIhLCOLFvZtwiAg6cPXq5dScKgtH+nc=
github.com/gomodule/redigo v2.0.0+incompatible/go.mod h1:B4C85qUVwatsJoIUNIfCRsp7qO0iAmpGFZ4EELWSbC4=
